// !$*UTF8*$!
{
	archiveVersion = 1;
	classes = {
	};
	objectVersion = 48;
	objects = {

/* Begin PBXBuildFile section */
		54F137DD1FE302CD00EA22AA /* AppDelegate.swift in Sources */ = {isa = PBXBuildFile; fileRef = 54F137DC1FE302CD00EA22AA /* AppDelegate.swift */; };
		54F137E21FE302CD00EA22AA /* Main.storyboard in Resources */ = {isa = PBXBuildFile; fileRef = 54F137E01FE302CD00EA22AA /* Main.storyboard */; };
		54F137E41FE302CE00EA22AA /* Assets.xcassets in Resources */ = {isa = PBXBuildFile; fileRef = 54F137E31FE302CE00EA22AA /* Assets.xcassets */; };
		54F137E71FE302CE00EA22AA /* LaunchScreen.storyboard in Resources */ = {isa = PBXBuildFile; fileRef = 54F137E51FE302CE00EA22AA /* LaunchScreen.storyboard */; };
		81F0AC641FE5724E00A0F196 /* SearchViewController.swift in Sources */ = {isa = PBXBuildFile; fileRef = 81F0AC631FE5724E00A0F196 /* SearchViewController.swift */; };
		81F0AC661FE5731900A0F196 /* SearchResultsTableViewCell.swift in Sources */ = {isa = PBXBuildFile; fileRef = 81F0AC651FE5731900A0F196 /* SearchResultsTableViewCell.swift */; };
		81F0AC681FE57BE100A0F196 /* NetworkHelper.swift in Sources */ = {isa = PBXBuildFile; fileRef = 81F0AC671FE57BE100A0F196 /* NetworkHelper.swift */; };
		81F0AC6A1FE57BEC00A0F196 /* NSKeyedArchiver.swift in Sources */ = {isa = PBXBuildFile; fileRef = 81F0AC691FE57BEC00A0F196 /* NSKeyedArchiver.swift */; };
		81F0AC6C1FE57BFF00A0F196 /* UserDefaultsHelper.swift in Sources */ = {isa = PBXBuildFile; fileRef = 81F0AC6B1FE57BFF00A0F196 /* UserDefaultsHelper.swift */; };
		81F0AC6E1FE57C1300A0F196 /* GoogleBooksAPIClient.swift in Sources */ = {isa = PBXBuildFile; fileRef = 81F0AC6D1FE57C1300A0F196 /* GoogleBooksAPIClient.swift */; };
		81F0AC721FE57C2900A0F196 /* ImageAPIClient.swift in Sources */ = {isa = PBXBuildFile; fileRef = 81F0AC711FE57C2900A0F196 /* ImageAPIClient.swift */; };
		81F0AC781FE581C600A0F196 /* NYTCategoriesAPIClient.swift in Sources */ = {isa = PBXBuildFile; fileRef = 81F0AC771FE581C600A0F196 /* NYTCategoriesAPIClient.swift */; };
		81F0AC7A1FE581D600A0F196 /* NYTBestSellerAPIClient.swift in Sources */ = {isa = PBXBuildFile; fileRef = 81F0AC791FE581D600A0F196 /* NYTBestSellerAPIClient.swift */; };
		81F0AC801FE5842400A0F196 /* CategoryKeyedArchiverClient.swift in Sources */ = {isa = PBXBuildFile; fileRef = 81F0AC7F1FE5842400A0F196 /* CategoryKeyedArchiverClient.swift */; };
		81F0AC821FE584BC00A0F196 /* AppErrors.swift in Sources */ = {isa = PBXBuildFile; fileRef = 81F0AC811FE584BC00A0F196 /* AppErrors.swift */; };
		81F0AC861FE5922D00A0F196 /* NYTModel.swift in Sources */ = {isa = PBXBuildFile; fileRef = 81F0AC851FE5922D00A0F196 /* NYTModel.swift */; };
		81F0AC881FE5925000A0F196 /* GoogleBooksModel.swift in Sources */ = {isa = PBXBuildFile; fileRef = 81F0AC871FE5925000A0F196 /* GoogleBooksModel.swift */; };
		81F0AC8A1FE5D2BF00A0F196 /* BookFlixViewController.swift in Sources */ = {isa = PBXBuildFile; fileRef = 81F0AC891FE5D2BF00A0F196 /* BookFlixViewController.swift */; };
		81F0AC8C1FE5D39A00A0F196 /* NYTBestSellersViewController.swift in Sources */ = {isa = PBXBuildFile; fileRef = 81F0AC8B1FE5D39A00A0F196 /* NYTBestSellersViewController.swift */; };
		81FDCAB41FE47FFA00F96EE5 /* HomeViewController.swift in Sources */ = {isa = PBXBuildFile; fileRef = 81FDCAB31FE47FFA00F96EE5 /* HomeViewController.swift */; };
		81FDCAB61FE4801900F96EE5 /* SettingsViewController.swift in Sources */ = {isa = PBXBuildFile; fileRef = 81FDCAB51FE4801900F96EE5 /* SettingsViewController.swift */; };
		81FDCABB1FE480D700F96EE5 /* SettingsTableViewCell.swift in Sources */ = {isa = PBXBuildFile; fileRef = 81FDCABA1FE480D700F96EE5 /* SettingsTableViewCell.swift */; };
		81FDCABD1FE480F400F96EE5 /* BooksTableViewCell.swift in Sources */ = {isa = PBXBuildFile; fileRef = 81FDCABC1FE480F400F96EE5 /* BooksTableViewCell.swift */; };
		81FDCABF1FE4811B00F96EE5 /* MainCollectionViewCell.swift in Sources */ = {isa = PBXBuildFile; fileRef = 81FDCABE1FE4811B00F96EE5 /* MainCollectionViewCell.swift */; };
		81FDCAC21FE481AF00F96EE5 /* BookReviewViewController.swift in Sources */ = {isa = PBXBuildFile; fileRef = 81FDCAC11FE481AF00F96EE5 /* BookReviewViewController.swift */; };
/* End PBXBuildFile section */

/* Begin PBXFileReference section */
		54F137D91FE302CD00EA22AA /* AC-iOS-Unit4-Week1-HW.app */ = {isa = PBXFileReference; explicitFileType = wrapper.application; includeInIndex = 0; path = "AC-iOS-Unit4-Week1-HW.app"; sourceTree = BUILT_PRODUCTS_DIR; };
		54F137DC1FE302CD00EA22AA /* AppDelegate.swift */ = {isa = PBXFileReference; lastKnownFileType = sourcecode.swift; path = AppDelegate.swift; sourceTree = "<group>"; };
		54F137E11FE302CD00EA22AA /* Base */ = {isa = PBXFileReference; lastKnownFileType = file.storyboard; name = Base; path = Base.lproj/Main.storyboard; sourceTree = "<group>"; };
		54F137E31FE302CE00EA22AA /* Assets.xcassets */ = {isa = PBXFileReference; lastKnownFileType = folder.assetcatalog; path = Assets.xcassets; sourceTree = "<group>"; };
		54F137E61FE302CE00EA22AA /* Base */ = {isa = PBXFileReference; lastKnownFileType = file.storyboard; name = Base; path = Base.lproj/LaunchScreen.storyboard; sourceTree = "<group>"; };
		54F137E81FE302CE00EA22AA /* Info.plist */ = {isa = PBXFileReference; lastKnownFileType = text.plist.xml; path = Info.plist; sourceTree = "<group>"; };
		81F0AC631FE5724E00A0F196 /* SearchViewController.swift */ = {isa = PBXFileReference; lastKnownFileType = sourcecode.swift; path = SearchViewController.swift; sourceTree = "<group>"; };
		81F0AC651FE5731900A0F196 /* SearchResultsTableViewCell.swift */ = {isa = PBXFileReference; lastKnownFileType = sourcecode.swift; path = SearchResultsTableViewCell.swift; sourceTree = "<group>"; };
		81F0AC671FE57BE100A0F196 /* NetworkHelper.swift */ = {isa = PBXFileReference; lastKnownFileType = sourcecode.swift; path = NetworkHelper.swift; sourceTree = "<group>"; };
		81F0AC691FE57BEC00A0F196 /* NSKeyedArchiver.swift */ = {isa = PBXFileReference; lastKnownFileType = sourcecode.swift; path = NSKeyedArchiver.swift; sourceTree = "<group>"; };
		81F0AC6B1FE57BFF00A0F196 /* UserDefaultsHelper.swift */ = {isa = PBXFileReference; lastKnownFileType = sourcecode.swift; path = UserDefaultsHelper.swift; sourceTree = "<group>"; };
		81F0AC6D1FE57C1300A0F196 /* GoogleBooksAPIClient.swift */ = {isa = PBXFileReference; lastKnownFileType = sourcecode.swift; path = GoogleBooksAPIClient.swift; sourceTree = "<group>"; };
		81F0AC711FE57C2900A0F196 /* ImageAPIClient.swift */ = {isa = PBXFileReference; lastKnownFileType = sourcecode.swift; path = ImageAPIClient.swift; sourceTree = "<group>"; };
		81F0AC771FE581C600A0F196 /* NYTCategoriesAPIClient.swift */ = {isa = PBXFileReference; lastKnownFileType = sourcecode.swift; path = NYTCategoriesAPIClient.swift; sourceTree = "<group>"; };
		81F0AC791FE581D600A0F196 /* NYTBestSellerAPIClient.swift */ = {isa = PBXFileReference; lastKnownFileType = sourcecode.swift; path = NYTBestSellerAPIClient.swift; sourceTree = "<group>"; };
		81F0AC7F1FE5842400A0F196 /* CategoryKeyedArchiverClient.swift */ = {isa = PBXFileReference; lastKnownFileType = sourcecode.swift; path = CategoryKeyedArchiverClient.swift; sourceTree = "<group>"; };
		81F0AC811FE584BC00A0F196 /* AppErrors.swift */ = {isa = PBXFileReference; lastKnownFileType = sourcecode.swift; path = AppErrors.swift; sourceTree = "<group>"; };
		81F0AC851FE5922D00A0F196 /* NYTModel.swift */ = {isa = PBXFileReference; lastKnownFileType = sourcecode.swift; path = NYTModel.swift; sourceTree = "<group>"; };
		81F0AC871FE5925000A0F196 /* GoogleBooksModel.swift */ = {isa = PBXFileReference; lastKnownFileType = sourcecode.swift; path = GoogleBooksModel.swift; sourceTree = "<group>"; };
		81F0AC891FE5D2BF00A0F196 /* BookFlixViewController.swift */ = {isa = PBXFileReference; lastKnownFileType = sourcecode.swift; path = BookFlixViewController.swift; sourceTree = "<group>"; };
		81F0AC8B1FE5D39A00A0F196 /* NYTBestSellersViewController.swift */ = {isa = PBXFileReference; lastKnownFileType = sourcecode.swift; path = NYTBestSellersViewController.swift; sourceTree = "<group>"; };
		81FDCAB31FE47FFA00F96EE5 /* HomeViewController.swift */ = {isa = PBXFileReference; lastKnownFileType = sourcecode.swift; path = HomeViewController.swift; sourceTree = "<group>"; };
		81FDCAB51FE4801900F96EE5 /* SettingsViewController.swift */ = {isa = PBXFileReference; lastKnownFileType = sourcecode.swift; path = SettingsViewController.swift; sourceTree = "<group>"; };
		81FDCABA1FE480D700F96EE5 /* SettingsTableViewCell.swift */ = {isa = PBXFileReference; lastKnownFileType = sourcecode.swift; path = SettingsTableViewCell.swift; sourceTree = "<group>"; };
		81FDCABC1FE480F400F96EE5 /* BooksTableViewCell.swift */ = {isa = PBXFileReference; lastKnownFileType = sourcecode.swift; path = BooksTableViewCell.swift; sourceTree = "<group>"; };
		81FDCABE1FE4811B00F96EE5 /* MainCollectionViewCell.swift */ = {isa = PBXFileReference; lastKnownFileType = sourcecode.swift; path = MainCollectionViewCell.swift; sourceTree = "<group>"; };
		81FDCAC11FE481AF00F96EE5 /* BookReviewViewController.swift */ = {isa = PBXFileReference; lastKnownFileType = sourcecode.swift; path = BookReviewViewController.swift; sourceTree = "<group>"; };
/* End PBXFileReference section */

/* Begin PBXFrameworksBuildPhase section */
		54F137D61FE302CD00EA22AA /* Frameworks */ = {
			isa = PBXFrameworksBuildPhase;
			buildActionMask = 2147483647;
			files = (
			);
			runOnlyForDeploymentPostprocessing = 0;
		};
/* End PBXFrameworksBuildPhase section */

/* Begin PBXGroup section */
		54F137D01FE302CD00EA22AA = {
			isa = PBXGroup;
			children = (
				54F137DB1FE302CD00EA22AA /* AC-iOS-Unit4-Week1-HW */,
				54F137DA1FE302CD00EA22AA /* Products */,
			);
			sourceTree = "<group>";
		};
		54F137DA1FE302CD00EA22AA /* Products */ = {
			isa = PBXGroup;
			children = (
				54F137D91FE302CD00EA22AA /* AC-iOS-Unit4-Week1-HW.app */,
			);
			name = Products;
			sourceTree = "<group>";
		};
		54F137DB1FE302CD00EA22AA /* AC-iOS-Unit4-Week1-HW */ = {
			isa = PBXGroup;
			children = (
				54F137E01FE302CD00EA22AA /* Main.storyboard */,
				81FDCAC31FE4821D00F96EE5 /* Models */,
				81FDCAC01FE4812600F96EE5 /* Views */,
				81FDCAB91FE4806C00F96EE5 /* View Controllers */,
				81FDCAB21FE4517100F96EE5 /* Supporting Files */,
				54F137E81FE302CE00EA22AA /* Info.plist */,
			);
			path = "AC-iOS-Unit4-Week1-HW";
			sourceTree = "<group>";
		};
		81FDCAB21FE4517100F96EE5 /* Supporting Files */ = {
			isa = PBXGroup;
			children = (
				54F137DC1FE302CD00EA22AA /* AppDelegate.swift */,
				54F137E31FE302CE00EA22AA /* Assets.xcassets */,
				54F137E51FE302CE00EA22AA /* LaunchScreen.storyboard */,
			);
			path = "Supporting Files";
			sourceTree = "<group>";
		};
		81FDCAB91FE4806C00F96EE5 /* View Controllers */ = {
			isa = PBXGroup;
			children = (
				81FDCAB31FE47FFA00F96EE5 /* HomeViewController.swift */,
				81F0AC891FE5D2BF00A0F196 /* BookFlixViewController.swift */,
				81F0AC8B1FE5D39A00A0F196 /* NYTBestSellersViewController.swift */,
				81FDCAC11FE481AF00F96EE5 /* BookReviewViewController.swift */,
				81FDCAB51FE4801900F96EE5 /* SettingsViewController.swift */,
				81F0AC631FE5724E00A0F196 /* SearchViewController.swift */,
			);
			path = "View Controllers";
			sourceTree = "<group>";
		};
		81FDCAC01FE4812600F96EE5 /* Views */ = {
			isa = PBXGroup;
			children = (
				81FDCABE1FE4811B00F96EE5 /* MainCollectionViewCell.swift */,
				81FDCABC1FE480F400F96EE5 /* BooksTableViewCell.swift */,
				81FDCABA1FE480D700F96EE5 /* SettingsTableViewCell.swift */,
				81F0AC651FE5731900A0F196 /* SearchResultsTableViewCell.swift */,
			);
			path = Views;
			sourceTree = "<group>";
		};
		81FDCAC31FE4821D00F96EE5 /* Models */ = {
			isa = PBXGroup;
			children = (
				81F0AC851FE5922D00A0F196 /* NYTModel.swift */,
				81F0AC871FE5925000A0F196 /* GoogleBooksModel.swift */,
				81F0AC811FE584BC00A0F196 /* AppErrors.swift */,
				81F0AC671FE57BE100A0F196 /* NetworkHelper.swift */,
				81F0AC691FE57BEC00A0F196 /* NSKeyedArchiver.swift */,
				81F0AC7F1FE5842400A0F196 /* CategoryKeyedArchiverClient.swift */,
				81F0AC6B1FE57BFF00A0F196 /* UserDefaultsHelper.swift */,
				81F0AC711FE57C2900A0F196 /* ImageAPIClient.swift */,
				81F0AC771FE581C600A0F196 /* NYTCategoriesAPIClient.swift */,
				81F0AC791FE581D600A0F196 /* NYTBestSellerAPIClient.swift */,
				81F0AC6D1FE57C1300A0F196 /* GoogleBooksAPIClient.swift */,
			);
			path = Models;
			sourceTree = "<group>";
		};
/* End PBXGroup section */

/* Begin PBXNativeTarget section */
		54F137D81FE302CD00EA22AA /* AC-iOS-Unit4-Week1-HW */ = {
			isa = PBXNativeTarget;
			buildConfigurationList = 54F137EB1FE302CE00EA22AA /* Build configuration list for PBXNativeTarget "AC-iOS-Unit4-Week1-HW" */;
			buildPhases = (
				54F137D51FE302CD00EA22AA /* Sources */,
				54F137D61FE302CD00EA22AA /* Frameworks */,
				54F137D71FE302CD00EA22AA /* Resources */,
			);
			buildRules = (
			);
			dependencies = (
			);
			name = "AC-iOS-Unit4-Week1-HW";
			productName = "AC-iOS-Unit4-Week1-HW";
			productReference = 54F137D91FE302CD00EA22AA /* AC-iOS-Unit4-Week1-HW.app */;
			productType = "com.apple.product-type.application";
		};
/* End PBXNativeTarget section */

/* Begin PBXProject section */
		54F137D11FE302CD00EA22AA /* Project object */ = {
			isa = PBXProject;
			attributes = {
				LastSwiftUpdateCheck = 0900;
				LastUpgradeCheck = 0900;
				ORGANIZATIONNAME = "C4Q ";
				TargetAttributes = {
					54F137D81FE302CD00EA22AA = {
						CreatedOnToolsVersion = 9.0;
						ProvisioningStyle = Automatic;
					};
				};
			};
			buildConfigurationList = 54F137D41FE302CD00EA22AA /* Build configuration list for PBXProject "AC-iOS-Unit4-Week1-HW" */;
			compatibilityVersion = "Xcode 8.0";
			developmentRegion = en;
			hasScannedForEncodings = 0;
			knownRegions = (
				en,
				Base,
			);
			mainGroup = 54F137D01FE302CD00EA22AA;
			productRefGroup = 54F137DA1FE302CD00EA22AA /* Products */;
			projectDirPath = "";
			projectRoot = "";
			targets = (
				54F137D81FE302CD00EA22AA /* AC-iOS-Unit4-Week1-HW */,
			);
		};
/* End PBXProject section */

/* Begin PBXResourcesBuildPhase section */
		54F137D71FE302CD00EA22AA /* Resources */ = {
			isa = PBXResourcesBuildPhase;
			buildActionMask = 2147483647;
			files = (
				54F137E71FE302CE00EA22AA /* LaunchScreen.storyboard in Resources */,
				54F137E41FE302CE00EA22AA /* Assets.xcassets in Resources */,
				54F137E21FE302CD00EA22AA /* Main.storyboard in Resources */,
			);
			runOnlyForDeploymentPostprocessing = 0;
		};
/* End PBXResourcesBuildPhase section */

/* Begin PBXSourcesBuildPhase section */
		54F137D51FE302CD00EA22AA /* Sources */ = {
			isa = PBXSourcesBuildPhase;
			buildActionMask = 2147483647;
			files = (
				81FDCABF1FE4811B00F96EE5 /* MainCollectionViewCell.swift in Sources */,
				81F0AC8C1FE5D39A00A0F196 /* NYTBestSellersViewController.swift in Sources */,
				81F0AC6C1FE57BFF00A0F196 /* UserDefaultsHelper.swift in Sources */,
				81FDCABD1FE480F400F96EE5 /* BooksTableViewCell.swift in Sources */,
				81F0AC881FE5925000A0F196 /* GoogleBooksModel.swift in Sources */,
				81F0AC6E1FE57C1300A0F196 /* GoogleBooksAPIClient.swift in Sources */,
				54F137DD1FE302CD00EA22AA /* AppDelegate.swift in Sources */,
				81F0AC801FE5842400A0F196 /* CategoryKeyedArchiverClient.swift in Sources */,
				81F0AC641FE5724E00A0F196 /* SearchViewController.swift in Sources */,
				81F0AC681FE57BE100A0F196 /* NetworkHelper.swift in Sources */,
				81F0AC661FE5731900A0F196 /* SearchResultsTableViewCell.swift in Sources */,
				81F0AC6A1FE57BEC00A0F196 /* NSKeyedArchiver.swift in Sources */,
				81F0AC821FE584BC00A0F196 /* AppErrors.swift in Sources */,
				81F0AC781FE581C600A0F196 /* NYTCategoriesAPIClient.swift in Sources */,
				81F0AC721FE57C2900A0F196 /* ImageAPIClient.swift in Sources */,
				81FDCAB41FE47FFA00F96EE5 /* HomeViewController.swift in Sources */,
				81FDCAC21FE481AF00F96EE5 /* BookReviewViewController.swift in Sources */,
				81F0AC7A1FE581D600A0F196 /* NYTBestSellerAPIClient.swift in Sources */,
				81FDCABB1FE480D700F96EE5 /* SettingsTableViewCell.swift in Sources */,
				81F0AC8A1FE5D2BF00A0F196 /* BookFlixViewController.swift in Sources */,
				81FDCAB61FE4801900F96EE5 /* SettingsViewController.swift in Sources */,
				81F0AC861FE5922D00A0F196 /* NYTModel.swift in Sources */,
			);
			runOnlyForDeploymentPostprocessing = 0;
		};
/* End PBXSourcesBuildPhase section */

/* Begin PBXVariantGroup section */
		54F137E01FE302CD00EA22AA /* Main.storyboard */ = {
			isa = PBXVariantGroup;
			children = (
				54F137E11FE302CD00EA22AA /* Base */,
			);
			name = Main.storyboard;
			sourceTree = "<group>";
		};
		54F137E51FE302CE00EA22AA /* LaunchScreen.storyboard */ = {
			isa = PBXVariantGroup;
			children = (
				54F137E61FE302CE00EA22AA /* Base */,
			);
			name = LaunchScreen.storyboard;
			sourceTree = "<group>";
		};
/* End PBXVariantGroup section */

/* Begin XCBuildConfiguration section */
		54F137E91FE302CE00EA22AA /* Debug */ = {
			isa = XCBuildConfiguration;
			buildSettings = {
				ALWAYS_SEARCH_USER_PATHS = NO;
				CLANG_ANALYZER_NONNULL = YES;
				CLANG_ANALYZER_NUMBER_OBJECT_CONVERSION = YES_AGGRESSIVE;
				CLANG_CXX_LANGUAGE_STANDARD = "gnu++14";
				CLANG_CXX_LIBRARY = "libc++";
				CLANG_ENABLE_MODULES = YES;
				CLANG_ENABLE_OBJC_ARC = YES;
				CLANG_WARN_BLOCK_CAPTURE_AUTORELEASING = YES;
				CLANG_WARN_BOOL_CONVERSION = YES;
				CLANG_WARN_COMMA = YES;
				CLANG_WARN_CONSTANT_CONVERSION = YES;
				CLANG_WARN_DIRECT_OBJC_ISA_USAGE = YES_ERROR;
				CLANG_WARN_DOCUMENTATION_COMMENTS = YES;
				CLANG_WARN_EMPTY_BODY = YES;
				CLANG_WARN_ENUM_CONVERSION = YES;
				CLANG_WARN_INFINITE_RECURSION = YES;
				CLANG_WARN_INT_CONVERSION = YES;
				CLANG_WARN_NON_LITERAL_NULL_CONVERSION = YES;
				CLANG_WARN_OBJC_LITERAL_CONVERSION = YES;
				CLANG_WARN_OBJC_ROOT_CLASS = YES_ERROR;
				CLANG_WARN_RANGE_LOOP_ANALYSIS = YES;
				CLANG_WARN_STRICT_PROTOTYPES = YES;
				CLANG_WARN_SUSPICIOUS_MOVE = YES;
				CLANG_WARN_UNGUARDED_AVAILABILITY = YES_AGGRESSIVE;
				CLANG_WARN_UNREACHABLE_CODE = YES;
				CLANG_WARN__DUPLICATE_METHOD_MATCH = YES;
				CODE_SIGN_IDENTITY = "iPhone Developer";
				COPY_PHASE_STRIP = NO;
				DEBUG_INFORMATION_FORMAT = dwarf;
				ENABLE_STRICT_OBJC_MSGSEND = YES;
				ENABLE_TESTABILITY = YES;
				GCC_C_LANGUAGE_STANDARD = gnu11;
				GCC_DYNAMIC_NO_PIC = NO;
				GCC_NO_COMMON_BLOCKS = YES;
				GCC_OPTIMIZATION_LEVEL = 0;
				GCC_PREPROCESSOR_DEFINITIONS = (
					"DEBUG=1",
					"$(inherited)",
				);
				GCC_WARN_64_TO_32_BIT_CONVERSION = YES;
				GCC_WARN_ABOUT_RETURN_TYPE = YES_ERROR;
				GCC_WARN_UNDECLARED_SELECTOR = YES;
				GCC_WARN_UNINITIALIZED_AUTOS = YES_AGGRESSIVE;
				GCC_WARN_UNUSED_FUNCTION = YES;
				GCC_WARN_UNUSED_VARIABLE = YES;
				IPHONEOS_DEPLOYMENT_TARGET = 11.0;
				MTL_ENABLE_DEBUG_INFO = YES;
				ONLY_ACTIVE_ARCH = YES;
				SDKROOT = iphoneos;
				SWIFT_ACTIVE_COMPILATION_CONDITIONS = DEBUG;
				SWIFT_OPTIMIZATION_LEVEL = "-Onone";
			};
			name = Debug;
		};
		54F137EA1FE302CE00EA22AA /* Release */ = {
			isa = XCBuildConfiguration;
			buildSettings = {
				ALWAYS_SEARCH_USER_PATHS = NO;
				CLANG_ANALYZER_NONNULL = YES;
				CLANG_ANALYZER_NUMBER_OBJECT_CONVERSION = YES_AGGRESSIVE;
				CLANG_CXX_LANGUAGE_STANDARD = "gnu++14";
				CLANG_CXX_LIBRARY = "libc++";
				CLANG_ENABLE_MODULES = YES;
				CLANG_ENABLE_OBJC_ARC = YES;
				CLANG_WARN_BLOCK_CAPTURE_AUTORELEASING = YES;
				CLANG_WARN_BOOL_CONVERSION = YES;
				CLANG_WARN_COMMA = YES;
				CLANG_WARN_CONSTANT_CONVERSION = YES;
				CLANG_WARN_DIRECT_OBJC_ISA_USAGE = YES_ERROR;
				CLANG_WARN_DOCUMENTATION_COMMENTS = YES;
				CLANG_WARN_EMPTY_BODY = YES;
				CLANG_WARN_ENUM_CONVERSION = YES;
				CLANG_WARN_INFINITE_RECURSION = YES;
				CLANG_WARN_INT_CONVERSION = YES;
				CLANG_WARN_NON_LITERAL_NULL_CONVERSION = YES;
				CLANG_WARN_OBJC_LITERAL_CONVERSION = YES;
				CLANG_WARN_OBJC_ROOT_CLASS = YES_ERROR;
				CLANG_WARN_RANGE_LOOP_ANALYSIS = YES;
				CLANG_WARN_STRICT_PROTOTYPES = YES;
				CLANG_WARN_SUSPICIOUS_MOVE = YES;
				CLANG_WARN_UNGUARDED_AVAILABILITY = YES_AGGRESSIVE;
				CLANG_WARN_UNREACHABLE_CODE = YES;
				CLANG_WARN__DUPLICATE_METHOD_MATCH = YES;
				CODE_SIGN_IDENTITY = "iPhone Developer";
				COPY_PHASE_STRIP = NO;
				DEBUG_INFORMATION_FORMAT = "dwarf-with-dsym";
				ENABLE_NS_ASSERTIONS = NO;
				ENABLE_STRICT_OBJC_MSGSEND = YES;
				GCC_C_LANGUAGE_STANDARD = gnu11;
				GCC_NO_COMMON_BLOCKS = YES;
				GCC_WARN_64_TO_32_BIT_CONVERSION = YES;
				GCC_WARN_ABOUT_RETURN_TYPE = YES_ERROR;
				GCC_WARN_UNDECLARED_SELECTOR = YES;
				GCC_WARN_UNINITIALIZED_AUTOS = YES_AGGRESSIVE;
				GCC_WARN_UNUSED_FUNCTION = YES;
				GCC_WARN_UNUSED_VARIABLE = YES;
				IPHONEOS_DEPLOYMENT_TARGET = 11.0;
				MTL_ENABLE_DEBUG_INFO = NO;
				SDKROOT = iphoneos;
				SWIFT_OPTIMIZATION_LEVEL = "-Owholemodule";
				VALIDATE_PRODUCT = YES;
			};
			name = Release;
		};
		54F137EC1FE302CE00EA22AA /* Debug */ = {
			isa = XCBuildConfiguration;
			buildSettings = {
				ASSETCATALOG_COMPILER_APPICON_NAME = AppIcon;
				CODE_SIGN_STYLE = Automatic;
				INFOPLIST_FILE = "AC-iOS-Unit4-Week1-HW/Info.plist";
				LD_RUNPATH_SEARCH_PATHS = "$(inherited) @executable_path/Frameworks";
				PRODUCT_BUNDLE_IDENTIFIER = "c4q.AC-iOS-Unit4-Week1-HW";
				PRODUCT_NAME = "$(TARGET_NAME)";
				SWIFT_VERSION = 4.0;
				TARGETED_DEVICE_FAMILY = "1,2";
			};
			name = Debug;
		};
		54F137ED1FE302CE00EA22AA /* Release */ = {
			isa = XCBuildConfiguration;
			buildSettings = {
				ASSETCATALOG_COMPILER_APPICON_NAME = AppIcon;
				CODE_SIGN_STYLE = Automatic;
				INFOPLIST_FILE = "AC-iOS-Unit4-Week1-HW/Info.plist";
				LD_RUNPATH_SEARCH_PATHS = "$(inherited) @executable_path/Frameworks";
				PRODUCT_BUNDLE_IDENTIFIER = "c4q.AC-iOS-Unit4-Week1-HW";
				PRODUCT_NAME = "$(TARGET_NAME)";
				SWIFT_VERSION = 4.0;
				TARGETED_DEVICE_FAMILY = "1,2";
			};
			name = Release;
		};
/* End XCBuildConfiguration section */

/* Begin XCConfigurationList section */
		54F137D41FE302CD00EA22AA /* Build configuration list for PBXProject "AC-iOS-Unit4-Week1-HW" */ = {
			isa = XCConfigurationList;
			buildConfigurations = (
				54F137E91FE302CE00EA22AA /* Debug */,
				54F137EA1FE302CE00EA22AA /* Release */,
			);
			defaultConfigurationIsVisible = 0;
			defaultConfigurationName = Release;
		};
		54F137EB1FE302CE00EA22AA /* Build configuration list for PBXNativeTarget "AC-iOS-Unit4-Week1-HW" */ = {
			isa = XCConfigurationList;
			buildConfigurations = (
				54F137EC1FE302CE00EA22AA /* Debug */,
				54F137ED1FE302CE00EA22AA /* Release */,
			);
			defaultConfigurationIsVisible = 0;
			defaultConfigurationName = Release;
		};
/* End XCConfigurationList section */
	};
	rootObject = 54F137D11FE302CD00EA22AA /* Project object */;
}
